
Microsoft Visual Studio Solution File, Format Version 12.00
# Visual Studio Version 17
VisualStudioVersion = 17.10.35013.160
MinimumVisualStudioVersion = 10.0.40219.1
Project("{FAE04EC0-301F-11D3-BF4B-00C04F79EFBC}") = "StudyJournal", "StudyJournal.csproj", "{517FFBD7-5C90-499E-8AE1-73BF9DBB17DB}"
EndProject
Global
	GlobalSection(SolutionConfigurationPlatforms) = preSolution
		Debug|Any CPU = Debug|Any CPU
		Release|Any CPU = Release|Any CPU
	EndGlobalSection
	GlobalSection(ProjectConfigurationPlatforms) = postSolution
		{517FFBD7-5C90-499E-8AE1-73BF9DBB17DB}.Debug|Any CPU.ActiveCfg = Debug|Any CPU
		{517FFBD7-5C90-499E-8AE1-73BF9DBB17DB}.Debug|Any CPU.Build.0 = Debug|Any CPU
		{517FFBD7-5C90-499E-8AE1-73BF9DBB17DB}.Release|Any CPU.ActiveCfg = Release|Any CPU
		{517FFBD7-5C90-499E-8AE1-73BF9DBB17DB}.Release|Any CPU.Build.0 = Release|Any CPU
	EndGlobalSection
	GlobalSection(SolutionProperties) = preSolution
		HideSolutionNode = FALSE
	EndGlobalSection
	GlobalSection(ExtensibilityGlobals) = postSolution
		SolutionGuid = {9EC02B7D-60ED-4C10-AB51-F33532B16CE7}
	EndGlobalSection
EndGlobal
